
Microsoft Visual Studio Solution File, Format Version 12.00
# Visual Studio 15
VisualStudioVersion = 15.0.27130.2026
MinimumVisualStudioVersion = 10.0.40219.1
Project("{9A19103F-16F7-4668-BE54-9A1E7A4F7556}") = "Fibonacci", "FibProgram\Fibonacci.csproj", "{B8E8F27C-C72D-41BF-A6CF-203F5165288E}"
EndProject
Project("{9A19103F-16F7-4668-BE54-9A1E7A4F7556}") = "FibonacciComp", "FibonacciComp\FibonacciComp.csproj", "{33C55E03-3766-4B2D-86CD-018F37D7D42D}"
EndProject
Project("{FAE04EC0-301F-11D3-BF4B-00C04F79EFBC}") = "FibUnitTests", "FibUnitTests\FibUnitTests.csproj", "{60739686-7C62-48E6-ACDA-43AA9BE33463}"
EndProject
Global
	GlobalSection(SolutionConfigurationPlatforms) = preSolution
		Debug|Any CPU = Debug|Any CPU
		Release|Any CPU = Release|Any CPU
	EndGlobalSection
	GlobalSection(ProjectConfigurationPlatforms) = postSolution
		{B8E8F27C-C72D-41BF-A6CF-203F5165288E}.Debug|Any CPU.ActiveCfg = Debug|Any CPU
		{B8E8F27C-C72D-41BF-A6CF-203F5165288E}.Debug|Any CPU.Build.0 = Debug|Any CPU
		{B8E8F27C-C72D-41BF-A6CF-203F5165288E}.Release|Any CPU.ActiveCfg = Release|Any CPU
		{B8E8F27C-C72D-41BF-A6CF-203F5165288E}.Release|Any CPU.Build.0 = Release|Any CPU
		{33C55E03-3766-4B2D-86CD-018F37D7D42D}.Debug|Any CPU.ActiveCfg = Debug|Any CPU
		{33C55E03-3766-4B2D-86CD-018F37D7D42D}.Debug|Any CPU.Build.0 = Debug|Any CPU
		{33C55E03-3766-4B2D-86CD-018F37D7D42D}.Release|Any CPU.ActiveCfg = Release|Any CPU
		{33C55E03-3766-4B2D-86CD-018F37D7D42D}.Release|Any CPU.Build.0 = Release|Any CPU
		{60739686-7C62-48E6-ACDA-43AA9BE33463}.Debug|Any CPU.ActiveCfg = Debug|Any CPU
		{60739686-7C62-48E6-ACDA-43AA9BE33463}.Debug|Any CPU.Build.0 = Debug|Any CPU
		{60739686-7C62-48E6-ACDA-43AA9BE33463}.Release|Any CPU.ActiveCfg = Release|Any CPU
		{60739686-7C62-48E6-ACDA-43AA9BE33463}.Release|Any CPU.Build.0 = Release|Any CPU
	EndGlobalSection
	GlobalSection(SolutionProperties) = preSolution
		HideSolutionNode = FALSE
	EndGlobalSection
	GlobalSection(ExtensibilityGlobals) = postSolution
		SolutionGuid = {521F1AEE-AF00-4FAE-B33F-DC0EC2B45E20}
	EndGlobalSection
EndGlobal
